
Microsoft Visual Studio Solution File, Format Version 12.00
# Visual Studio Version 16
VisualStudioVersion = 16.0.31613.86
MinimumVisualStudioVersion = 10.0.40219.1
Project("{FAE04EC0-301F-11D3-BF4B-00C04F79EFBC}") = "4", "4.csproj", "{6760A097-1E2B-4C4F-ADD7-DCB510855C3D}"
EndProject
Global
	GlobalSection(SolutionConfigurationPlatforms) = preSolution
		Debug|Any CPU = Debug|Any CPU
		Release|Any CPU = Release|Any CPU
	EndGlobalSection
	GlobalSection(ProjectConfigurationPlatforms) = postSolution
		{6760A097-1E2B-4C4F-ADD7-DCB510855C3D}.Debug|Any CPU.ActiveCfg = Debug|Any CPU
		{6760A097-1E2B-4C4F-ADD7-DCB510855C3D}.Debug|Any CPU.Build.0 = Debug|Any CPU
		{6760A097-1E2B-4C4F-ADD7-DCB510855C3D}.Release|Any CPU.ActiveCfg = Release|Any CPU
		{6760A097-1E2B-4C4F-ADD7-DCB510855C3D}.Release|Any CPU.Build.0 = Release|Any CPU
	EndGlobalSection
	GlobalSection(SolutionProperties) = preSolution
		HideSolutionNode = FALSE
	EndGlobalSection
	GlobalSection(ExtensibilityGlobals) = postSolution
		SolutionGuid = {BD072265-CE26-44F4-9E4C-6E2A1CB7F583}
	EndGlobalSection
EndGlobal
